
Microsoft Visual Studio Solution File, Format Version 12.00
# Visual Studio Version 16
VisualStudioVersion = 16.0.29613.14
MinimumVisualStudioVersion = 10.0.40219.1
Project("{9A19103F-16F7-4668-BE54-9A1E7A4F7556}") = "Send", "Send.csproj", "{8322F973-B8D9-4029-B3F3-CBF6263B24D4}"
EndProject
Global
	GlobalSection(SolutionConfigurationPlatforms) = preSolution
		Debug|Any CPU = Debug|Any CPU
		Release|Any CPU = Release|Any CPU
	EndGlobalSection
	GlobalSection(ProjectConfigurationPlatforms) = postSolution
		{8322F973-B8D9-4029-B3F3-CBF6263B24D4}.Debug|Any CPU.ActiveCfg = Debug|Any CPU
		{8322F973-B8D9-4029-B3F3-CBF6263B24D4}.Debug|Any CPU.Build.0 = Debug|Any CPU
		{8322F973-B8D9-4029-B3F3-CBF6263B24D4}.Release|Any CPU.ActiveCfg = Release|Any CPU
		{8322F973-B8D9-4029-B3F3-CBF6263B24D4}.Release|Any CPU.Build.0 = Release|Any CPU
	EndGlobalSection
	GlobalSection(SolutionProperties) = preSolution
		HideSolutionNode = FALSE
	EndGlobalSection
	GlobalSection(ExtensibilityGlobals) = postSolution
		SolutionGuid = {8CBC1246-EBBA-4B6F-A3D0-C5C9867990B8}
	EndGlobalSection
EndGlobal
