
Microsoft Visual Studio Solution File, Format Version 12.00
# Visual Studio Version 16
VisualStudioVersion = 16.0.29613.14
MinimumVisualStudioVersion = 10.0.40219.1
Project("{FAE04EC0-301F-11D3-BF4B-00C04F79EFBC}") = "WebApi", "WebApi\WebApi\WebApi.csproj", "{26660AB4-9023-454B-A7F7-36DE50C0DC54}"
EndProject
Project("{FAE04EC0-301F-11D3-BF4B-00C04F79EFBC}") = "UnitTests", "Tests\UnitTests\UnitTests.csproj", "{F16E8AF5-A7FC-4E62-9F4D-D453DF29CF51}"
EndProject
Global
	GlobalSection(SolutionConfigurationPlatforms) = preSolution
		Debug|Any CPU = Debug|Any CPU
		Release|Any CPU = Release|Any CPU
	EndGlobalSection
	GlobalSection(ProjectConfigurationPlatforms) = postSolution
		{26660AB4-9023-454B-A7F7-36DE50C0DC54}.Debug|Any CPU.ActiveCfg = Debug|Any CPU
		{26660AB4-9023-454B-A7F7-36DE50C0DC54}.Debug|Any CPU.Build.0 = Debug|Any CPU
		{26660AB4-9023-454B-A7F7-36DE50C0DC54}.Release|Any CPU.ActiveCfg = Release|Any CPU
		{26660AB4-9023-454B-A7F7-36DE50C0DC54}.Release|Any CPU.Build.0 = Release|Any CPU
		{F16E8AF5-A7FC-4E62-9F4D-D453DF29CF51}.Debug|Any CPU.ActiveCfg = Debug|Any CPU
		{F16E8AF5-A7FC-4E62-9F4D-D453DF29CF51}.Debug|Any CPU.Build.0 = Debug|Any CPU
		{F16E8AF5-A7FC-4E62-9F4D-D453DF29CF51}.Release|Any CPU.ActiveCfg = Release|Any CPU
		{F16E8AF5-A7FC-4E62-9F4D-D453DF29CF51}.Release|Any CPU.Build.0 = Release|Any CPU
	EndGlobalSection
	GlobalSection(SolutionProperties) = preSolution
		HideSolutionNode = FALSE
	EndGlobalSection
	GlobalSection(ExtensibilityGlobals) = postSolution
		SolutionGuid = {ED1FC2D7-AD9E-4EE2-96A2-6A2E2D8437A5}
	EndGlobalSection
EndGlobal
