
Microsoft Visual Studio Solution File, Format Version 12.00
# Visual Studio 14
VisualStudioVersion = 14.0.25420.1
MinimumVisualStudioVersion = 10.0.40219.1
Project("{FAE04EC0-301F-11D3-BF4B-00C04F79EFBC}") = "HelloWCF", "HelloWCF\HelloWCF.csproj", "{255D5200-D968-41D6-B4D8-9C4C2FDB8F5A}"
EndProject
Project("{FAE04EC0-301F-11D3-BF4B-00C04F79EFBC}") = "ClientOne", "ClientOne\ClientOne.csproj", "{FC514501-DD18-4B54-8BC1-009DC979FB3F}"
	ProjectSection(ProjectDependencies) = postProject
		{255D5200-D968-41D6-B4D8-9C4C2FDB8F5A} = {255D5200-D968-41D6-B4D8-9C4C2FDB8F5A}
	EndProjectSection
EndProject
Global
	GlobalSection(SolutionConfigurationPlatforms) = preSolution
		Debug|Any CPU = Debug|Any CPU
		Release|Any CPU = Release|Any CPU
	EndGlobalSection
	GlobalSection(ProjectConfigurationPlatforms) = postSolution
		{255D5200-D968-41D6-B4D8-9C4C2FDB8F5A}.Debug|Any CPU.ActiveCfg = Debug|Any CPU
		{255D5200-D968-41D6-B4D8-9C4C2FDB8F5A}.Debug|Any CPU.Build.0 = Debug|Any CPU
		{255D5200-D968-41D6-B4D8-9C4C2FDB8F5A}.Release|Any CPU.ActiveCfg = Release|Any CPU
		{255D5200-D968-41D6-B4D8-9C4C2FDB8F5A}.Release|Any CPU.Build.0 = Release|Any CPU
		{FC514501-DD18-4B54-8BC1-009DC979FB3F}.Debug|Any CPU.ActiveCfg = Debug|Any CPU
		{FC514501-DD18-4B54-8BC1-009DC979FB3F}.Debug|Any CPU.Build.0 = Debug|Any CPU
		{FC514501-DD18-4B54-8BC1-009DC979FB3F}.Release|Any CPU.ActiveCfg = Release|Any CPU
		{FC514501-DD18-4B54-8BC1-009DC979FB3F}.Release|Any CPU.Build.0 = Release|Any CPU
	EndGlobalSection
	GlobalSection(SolutionProperties) = preSolution
		HideSolutionNode = FALSE
	EndGlobalSection
EndGlobal
