
Microsoft Visual Studio Solution File, Format Version 12.00
# Visual Studio Version 16
VisualStudioVersion = 16.0.29324.140
MinimumVisualStudioVersion = 10.0.40219.1
Project("{FAE04EC0-301F-11D3-BF4B-00C04F79EFBC}") = "CoolService", "CoolService\CoolService.csproj", "{900E6741-3CF3-40A8-98A2-DBC63FF6B805}"
EndProject
Project("{FAE04EC0-301F-11D3-BF4B-00C04F79EFBC}") = "CoolService.Host", "CoolService.Host\CoolService.Host.csproj", "{2D1D856A-1BBD-4E1B-A9BE-BE0C0862E5C7}"
EndProject
Global
	GlobalSection(SolutionConfigurationPlatforms) = preSolution
		Debug|Any CPU = Debug|Any CPU
		Release|Any CPU = Release|Any CPU
	EndGlobalSection
	GlobalSection(ProjectConfigurationPlatforms) = postSolution
		{900E6741-3CF3-40A8-98A2-DBC63FF6B805}.Debug|Any CPU.ActiveCfg = Debug|Any CPU
		{900E6741-3CF3-40A8-98A2-DBC63FF6B805}.Debug|Any CPU.Build.0 = Debug|Any CPU
		{900E6741-3CF3-40A8-98A2-DBC63FF6B805}.Release|Any CPU.ActiveCfg = Release|Any CPU
		{900E6741-3CF3-40A8-98A2-DBC63FF6B805}.Release|Any CPU.Build.0 = Release|Any CPU
		{2D1D856A-1BBD-4E1B-A9BE-BE0C0862E5C7}.Debug|Any CPU.ActiveCfg = Debug|Any CPU
		{2D1D856A-1BBD-4E1B-A9BE-BE0C0862E5C7}.Debug|Any CPU.Build.0 = Debug|Any CPU
		{2D1D856A-1BBD-4E1B-A9BE-BE0C0862E5C7}.Release|Any CPU.ActiveCfg = Release|Any CPU
		{2D1D856A-1BBD-4E1B-A9BE-BE0C0862E5C7}.Release|Any CPU.Build.0 = Release|Any CPU
	EndGlobalSection
	GlobalSection(SolutionProperties) = preSolution
		HideSolutionNode = FALSE
	EndGlobalSection
	GlobalSection(ExtensibilityGlobals) = postSolution
		SolutionGuid = {A7A7D4CF-EAC1-492C-950C-D58A103A2ADB}
	EndGlobalSection
EndGlobal
