
Microsoft Visual Studio Solution File, Format Version 12.00
# Visual Studio Version 16
VisualStudioVersion = 16.0.29728.190
MinimumVisualStudioVersion = 10.0.40219.1
Project("{FAE04EC0-301F-11D3-BF4B-00C04F79EFBC}") = "MS.Settings", "MS.Settings\MS.Settings.csproj", "{24D8EE5C-BA20-4EB8-AA55-9EEAFF116900}"
EndProject
Project("{FAE04EC0-301F-11D3-BF4B-00C04F79EFBC}") = "Infrastructure", "Infrastructure\Infrastructure\Infrastructure.csproj", "{EEF4AE7A-BE84-4379-9E7A-EE54E163C673}"
EndProject
Global
	GlobalSection(SolutionConfigurationPlatforms) = preSolution
		Debug|Any CPU = Debug|Any CPU
		Release|Any CPU = Release|Any CPU
	EndGlobalSection
	GlobalSection(ProjectConfigurationPlatforms) = postSolution
		{24D8EE5C-BA20-4EB8-AA55-9EEAFF116900}.Debug|Any CPU.ActiveCfg = Debug|Any CPU
		{24D8EE5C-BA20-4EB8-AA55-9EEAFF116900}.Debug|Any CPU.Build.0 = Debug|Any CPU
		{24D8EE5C-BA20-4EB8-AA55-9EEAFF116900}.Release|Any CPU.ActiveCfg = Release|Any CPU
		{24D8EE5C-BA20-4EB8-AA55-9EEAFF116900}.Release|Any CPU.Build.0 = Release|Any CPU
		{EEF4AE7A-BE84-4379-9E7A-EE54E163C673}.Debug|Any CPU.ActiveCfg = Debug|Any CPU
		{EEF4AE7A-BE84-4379-9E7A-EE54E163C673}.Debug|Any CPU.Build.0 = Debug|Any CPU
		{EEF4AE7A-BE84-4379-9E7A-EE54E163C673}.Release|Any CPU.ActiveCfg = Release|Any CPU
		{EEF4AE7A-BE84-4379-9E7A-EE54E163C673}.Release|Any CPU.Build.0 = Release|Any CPU
	EndGlobalSection
	GlobalSection(SolutionProperties) = preSolution
		HideSolutionNode = FALSE
	EndGlobalSection
	GlobalSection(ExtensibilityGlobals) = postSolution
		SolutionGuid = {764566FE-E016-4CF0-94E5-D4C45111CFF7}
	EndGlobalSection
EndGlobal
